
Microsoft Visual Studio Solution File, Format Version 12.00
# Visual Studio Version 17
VisualStudioVersion = 17.0.31903.59
MinimumVisualStudioVersion = 10.0.40219.1
Project("{FAE04EC0-301F-11D3-BF4B-00C04F79EFBC}") = "BuberBreakfast.Contracts", "BuberBreakfast.Contracts\BuberBreakfast.Contracts.csproj", "{1B7508C9-DE6B-4A6A-949F-A6AAEBFF3651}"
EndProject
Project("{FAE04EC0-301F-11D3-BF4B-00C04F79EFBC}") = "BuberBreakfast", "BuberBreakfast\BuberBreakfast.csproj", "{E7AC8E29-DDD0-4B6B-8262-240279378214}"
EndProject
Global
	GlobalSection(SolutionConfigurationPlatforms) = preSolution
		Debug|Any CPU = Debug|Any CPU
		Release|Any CPU = Release|Any CPU
	EndGlobalSection
	GlobalSection(SolutionProperties) = preSolution
		HideSolutionNode = FALSE
	EndGlobalSection
	GlobalSection(ProjectConfigurationPlatforms) = postSolution
		{1B7508C9-DE6B-4A6A-949F-A6AAEBFF3651}.Debug|Any CPU.ActiveCfg = Debug|Any CPU
		{1B7508C9-DE6B-4A6A-949F-A6AAEBFF3651}.Debug|Any CPU.Build.0 = Debug|Any CPU
		{1B7508C9-DE6B-4A6A-949F-A6AAEBFF3651}.Release|Any CPU.ActiveCfg = Release|Any CPU
		{1B7508C9-DE6B-4A6A-949F-A6AAEBFF3651}.Release|Any CPU.Build.0 = Release|Any CPU
		{E7AC8E29-DDD0-4B6B-8262-240279378214}.Debug|Any CPU.ActiveCfg = Debug|Any CPU
		{E7AC8E29-DDD0-4B6B-8262-240279378214}.Debug|Any CPU.Build.0 = Debug|Any CPU
		{E7AC8E29-DDD0-4B6B-8262-240279378214}.Release|Any CPU.ActiveCfg = Release|Any CPU
		{E7AC8E29-DDD0-4B6B-8262-240279378214}.Release|Any CPU.Build.0 = Release|Any CPU
	EndGlobalSection
EndGlobal
