
Microsoft Visual Studio Solution File, Format Version 12.00
# Visual Studio Version 17
VisualStudioVersion = 17.2.32602.215
MinimumVisualStudioVersion = 10.0.40219.1
Project("{FAE04EC0-301F-11D3-BF4B-00C04F79EFBC}") = "ATMApp", "ATMApp\ATMApp.csproj", "{CCA84D72-E79F-4C33-BAA5-D787CF900F19}"
EndProject
Global
	GlobalSection(SolutionConfigurationPlatforms) = preSolution
		Debug|Any CPU = Debug|Any CPU
		Release|Any CPU = Release|Any CPU
	EndGlobalSection
	GlobalSection(ProjectConfigurationPlatforms) = postSolution
		{CCA84D72-E79F-4C33-BAA5-D787CF900F19}.Debug|Any CPU.ActiveCfg = Debug|Any CPU
		{CCA84D72-E79F-4C33-BAA5-D787CF900F19}.Debug|Any CPU.Build.0 = Debug|Any CPU
		{CCA84D72-E79F-4C33-BAA5-D787CF900F19}.Release|Any CPU.ActiveCfg = Release|Any CPU
		{CCA84D72-E79F-4C33-BAA5-D787CF900F19}.Release|Any CPU.Build.0 = Release|Any CPU
	EndGlobalSection
	GlobalSection(SolutionProperties) = preSolution
		HideSolutionNode = FALSE
	EndGlobalSection
	GlobalSection(ExtensibilityGlobals) = postSolution
		SolutionGuid = {6BDC5BBA-3679-4369-9DE2-A2D241B9FB0A}
	EndGlobalSection
EndGlobal
